// !$*UTF8*$!
{
	archiveVersion = 1;
	classes = {
	};
	objectVersion = 56;
	objects = {

/* Begin PBXBuildFile section */
		888E4AF02A2A395400F55B43 /* AppDelegate.swift in Sources */ = {isa = PBXBuildFile; fileRef = 888E4AEF2A2A395400F55B43 /* AppDelegate.swift */; };
		888E4AF22A2A395400F55B43 /* SceneDelegate.swift in Sources */ = {isa = PBXBuildFile; fileRef = 888E4AF12A2A395400F55B43 /* SceneDelegate.swift */; };
		888E4AF42A2A395400F55B43 /* ViewController.swift in Sources */ = {isa = PBXBuildFile; fileRef = 888E4AF32A2A395400F55B43 /* ViewController.swift */; };
		888E4AF72A2A395400F55B43 /* Main.storyboard in Resources */ = {isa = PBXBuildFile; fileRef = 888E4AF52A2A395400F55B43 /* Main.storyboard */; };
		888E4AF92A2A395600F55B43 /* Assets.xcassets in Resources */ = {isa = PBXBuildFile; fileRef = 888E4AF82A2A395600F55B43 /* Assets.xcassets */; };
		888E4AFC2A2A395600F55B43 /* LaunchScreen.storyboard in Resources */ = {isa = PBXBuildFile; fileRef = 888E4AFA2A2A395600F55B43 /* LaunchScreen.storyboard */; };
		888E4B072A2A395600F55B43 /* GameInfoTests.swift in Sources */ = {isa = PBXBuildFile; fileRef = 888E4B062A2A395600F55B43 /* GameInfoTests.swift */; };
		888E4B112A2A395600F55B43 /* GameInfoUITests.swift in Sources */ = {isa = PBXBuildFile; fileRef = 888E4B102A2A395600F55B43 /* GameInfoUITests.swift */; };
		888E4B132A2A395600F55B43 /* GameInfoUITestsLaunchTests.swift in Sources */ = {isa = PBXBuildFile; fileRef = 888E4B122A2A395600F55B43 /* GameInfoUITestsLaunchTests.swift */; };
/* End PBXBuildFile section */

/* Begin PBXContainerItemProxy section */
		888E4B032A2A395600F55B43 /* PBXContainerItemProxy */ = {
			isa = PBXContainerItemProxy;
			containerPortal = 888E4AE42A2A395400F55B43 /* Project object */;
			proxyType = 1;
			remoteGlobalIDString = 888E4AEB2A2A395400F55B43;
			remoteInfo = GameInfo;
		};
		888E4B0D2A2A395600F55B43 /* PBXContainerItemProxy */ = {
			isa = PBXContainerItemProxy;
			containerPortal = 888E4AE42A2A395400F55B43 /* Project object */;
			proxyType = 1;
			remoteGlobalIDString = 888E4AEB2A2A395400F55B43;
			remoteInfo = GameInfo;
		};
/* End PBXContainerItemProxy section */

/* Begin PBXFileReference section */
		888E4AEC2A2A395400F55B43 /* GameInfo.app */ = {isa = PBXFileReference; explicitFileType = wrapper.application; includeInIndex = 0; path = GameInfo.app; sourceTree = BUILT_PRODUCTS_DIR; };
		888E4AEF2A2A395400F55B43 /* AppDelegate.swift */ = {isa = PBXFileReference; lastKnownFileType = sourcecode.swift; path = AppDelegate.swift; sourceTree = "<group>"; };
		888E4AF12A2A395400F55B43 /* SceneDelegate.swift */ = {isa = PBXFileReference; lastKnownFileType = sourcecode.swift; path = SceneDelegate.swift; sourceTree = "<group>"; };
		888E4AF32A2A395400F55B43 /* ViewController.swift */ = {isa = PBXFileReference; lastKnownFileType = sourcecode.swift; path = ViewController.swift; sourceTree = "<group>"; };
		888E4AF62A2A395400F55B43 /* Base */ = {isa = PBXFileReference; lastKnownFileType = file.storyboard; name = Base; path = Base.lproj/Main.storyboard; sourceTree = "<group>"; };
		888E4AF82A2A395600F55B43 /* Assets.xcassets */ = {isa = PBXFileReference; lastKnownFileType = folder.assetcatalog; path = Assets.xcassets; sourceTree = "<group>"; };
		888E4AFB2A2A395600F55B43 /* Base */ = {isa = PBXFileReference; lastKnownFileType = file.storyboard; name = Base; path = Base.lproj/LaunchScreen.storyboard; sourceTree = "<group>"; };
		888E4AFD2A2A395600F55B43 /* Info.plist */ = {isa = PBXFileReference; lastKnownFileType = text.plist.xml; path = Info.plist; sourceTree = "<group>"; };
		888E4B022A2A395600F55B43 /* GameInfoTests.xctest */ = {isa = PBXFileReference; explicitFileType = wrapper.cfbundle; includeInIndex = 0; path = GameInfoTests.xctest; sourceTree = BUILT_PRODUCTS_DIR; };
		888E4B062A2A395600F55B43 /* GameInfoTests.swift */ = {isa = PBXFileReference; lastKnownFileType = sourcecode.swift; path = GameInfoTests.swift; sourceTree = "<group>"; };
		888E4B0C2A2A395600F55B43 /* GameInfoUITests.xctest */ = {isa = PBXFileReference; explicitFileType = wrapper.cfbundle; includeInIndex = 0; path = GameInfoUITests.xctest; sourceTree = BUILT_PRODUCTS_DIR; };
		888E4B102A2A395600F55B43 /* GameInfoUITests.swift */ = {isa = PBXFileReference; lastKnownFileType = sourcecode.swift; path = GameInfoUITests.swift; sourceTree = "<group>"; };
		888E4B122A2A395600F55B43 /* GameInfoUITestsLaunchTests.swift */ = {isa = PBXFileReference; lastKnownFileType = sourcecode.swift; path = GameInfoUITestsLaunchTests.swift; sourceTree = "<group>"; };
/* End PBXFileReference section */

/* Begin PBXFrameworksBuildPhase section */
		888E4AE92A2A395400F55B43 /* Frameworks */ = {
			isa = PBXFrameworksBuildPhase;
			buildActionMask = 2147483647;
			files = (
			);
			runOnlyForDeploymentPostprocessing = 0;
		};
		888E4AFF2A2A395600F55B43 /* Frameworks */ = {
			isa = PBXFrameworksBuildPhase;
			buildActionMask = 2147483647;
			files = (
			);
			runOnlyForDeploymentPostprocessing = 0;
		};
		888E4B092A2A395600F55B43 /* Frameworks */ = {
			isa = PBXFrameworksBuildPhase;
			buildActionMask = 2147483647;
			files = (
			);
			runOnlyForDeploymentPostprocessing = 0;
		};
/* End PBXFrameworksBuildPhase section */

/* Begin PBXGroup section */
		888E4AE32A2A395400F55B43 = {
			isa = PBXGroup;
			children = (
				888E4AEE2A2A395400F55B43 /* GameInfo */,
				888E4B052A2A395600F55B43 /* GameInfoTests */,
				888E4B0F2A2A395600F55B43 /* GameInfoUITests */,
				888E4AED2A2A395400F55B43 /* Products */,
			);
			sourceTree = "<group>";
		};
		888E4AED2A2A395400F55B43 /* Products */ = {
			isa = PBXGroup;
			children = (
				888E4AEC2A2A395400F55B43 /* GameInfo.app */,
				888E4B022A2A395600F55B43 /* GameInfoTests.xctest */,
				888E4B0C2A2A395600F55B43 /* GameInfoUITests.xctest */,
			);
			name = Products;
			sourceTree = "<group>";
		};
		888E4AEE2A2A395400F55B43 /* GameInfo */ = {
			isa = PBXGroup;
			children = (
				888E4AEF2A2A395400F55B43 /* AppDelegate.swift */,
				888E4AF12A2A395400F55B43 /* SceneDelegate.swift */,
				888E4AF32A2A395400F55B43 /* ViewController.swift */,
				888E4AF52A2A395400F55B43 /* Main.storyboard */,
				888E4AF82A2A395600F55B43 /* Assets.xcassets */,
				888E4AFA2A2A395600F55B43 /* LaunchScreen.storyboard */,
				888E4AFD2A2A395600F55B43 /* Info.plist */,
			);
			path = GameInfo;
			sourceTree = "<group>";
		};
		888E4B052A2A395600F55B43 /* GameInfoTests */ = {
			isa = PBXGroup;
			children = (
				888E4B062A2A395600F55B43 /* GameInfoTests.swift */,
			);
			path = GameInfoTests;
			sourceTree = "<group>";
		};
		888E4B0F2A2A395600F55B43 /* GameInfoUITests */ = {
			isa = PBXGroup;
			children = (
				888E4B102A2A395600F55B43 /* GameInfoUITests.swift */,
				888E4B122A2A395600F55B43 /* GameInfoUITestsLaunchTests.swift */,
			);
			path = GameInfoUITests;
			sourceTree = "<group>";
		};
/* End PBXGroup section */

/* Begin PBXNativeTarget section */
		888E4AEB2A2A395400F55B43 /* GameInfo */ = {
			isa = PBXNativeTarget;
			buildConfigurationList = 888E4B162A2A395600F55B43 /* Build configuration list for PBXNativeTarget "GameInfo" */;
			buildPhases = (
				888E4AE82A2A395400F55B43 /* Sources */,
				888E4AE92A2A395400F55B43 /* Frameworks */,
				888E4AEA2A2A395400F55B43 /* Resources */,
			);
			buildRules = (
			);
			dependencies = (
			);
			name = GameInfo;
			productName = GameInfo;
			productReference = 888E4AEC2A2A395400F55B43 /* GameInfo.app */;
			productType = "com.apple.product-type.application";
		};
		888E4B012A2A395600F55B43 /* GameInfoTests */ = {
			isa = PBXNativeTarget;
			buildConfigurationList = 888E4B192A2A395600F55B43 /* Build configuration list for PBXNativeTarget "GameInfoTests" */;
			buildPhases = (
				888E4AFE2A2A395600F55B43 /* Sources */,
				888E4AFF2A2A395600F55B43 /* Frameworks */,
				888E4B002A2A395600F55B43 /* Resources */,
			);
			buildRules = (
			);
			dependencies = (
				888E4B042A2A395600F55B43 /* PBXTargetDependency */,
			);
			name = GameInfoTests;
			productName = GameInfoTests;
			productReference = 888E4B022A2A395600F55B43 /* GameInfoTests.xctest */;
			productType = "com.apple.product-type.bundle.unit-test";
		};
		888E4B0B2A2A395600F55B43 /* GameInfoUITests */ = {
			isa = PBXNativeTarget;
			buildConfigurationList = 888E4B1C2A2A395600F55B43 /* Build configuration list for PBXNativeTarget "GameInfoUITests" */;
			buildPhases = (
				888E4B082A2A395600F55B43 /* Sources */,
				888E4B092A2A395600F55B43 /* Frameworks */,
				888E4B0A2A2A395600F55B43 /* Resources */,
			);
			buildRules = (
			);
			dependencies = (
				888E4B0E2A2A395600F55B43 /* PBXTargetDependency */,
			);
			name = GameInfoUITests;
			productName = GameInfoUITests;
			productReference = 888E4B0C2A2A395600F55B43 /* GameInfoUITests.xctest */;
			productType = "com.apple.product-type.bundle.ui-testing";
		};
/* End PBXNativeTarget section */

/* Begin PBXProject section */
		888E4AE42A2A395400F55B43 /* Project object */ = {
			isa = PBXProject;
			attributes = {
				BuildIndependentTargetsInParallel = 1;
				LastSwiftUpdateCheck = 1430;
				LastUpgradeCheck = 1430;
				TargetAttributes = {
					888E4AEB2A2A395400F55B43 = {
						CreatedOnToolsVersion = 14.3;
					};
					888E4B012A2A395600F55B43 = {
						CreatedOnToolsVersion = 14.3;
						TestTargetID = 888E4AEB2A2A395400F55B43;
					};
					888E4B0B2A2A395600F55B43 = {
						CreatedOnToolsVersion = 14.3;
						TestTargetID = 888E4AEB2A2A395400F55B43;
					};
				};
			};
			buildConfigurationList = 888E4AE72A2A395400F55B43 /* Build configuration list for PBXProject "GameInfo" */;
			compatibilityVersion = "Xcode 14.0";
			developmentRegion = en;
			hasScannedForEncodings = 0;
			knownRegions = (
				en,
				Base,
			);
			mainGroup = 888E4AE32A2A395400F55B43;
			productRefGroup = 888E4AED2A2A395400F55B43 /* Products */;
			projectDirPath = "";
			projectRoot = "";
			targets = (
				888E4AEB2A2A395400F55B43 /* GameInfo */,
				888E4B012A2A395600F55B43 /* GameInfoTests */,
				888E4B0B2A2A395600F55B43 /* GameInfoUITests */,
			);
		};
/* End PBXProject section */

/* Begin PBXResourcesBuildPhase section */
		888E4AEA2A2A395400F55B43 /* Resources */ = {
			isa = PBXResourcesBuildPhase;
			buildActionMask = 2147483647;
			files = (
				888E4AFC2A2A395600F55B43 /* LaunchScreen.storyboard in Resources */,
				888E4AF92A2A395600F55B43 /* Assets.xcassets in Resources */,
				888E4AF72A2A395400F55B43 /* Main.storyboard in Resources */,
			);
			runOnlyForDeploymentPostprocessing = 0;
		};
		888E4B002A2A395600F55B43 /* Resources */ = {
			isa = PBXResourcesBuildPhase;
			buildActionMask = 2147483647;
			files = (
			);
			runOnlyForDeploymentPostprocessing = 0;
		};
		888E4B0A2A2A395600F55B43 /* Resources */ = {
			isa = PBXResourcesBuildPhase;
			buildActionMask = 2147483647;
			files = (
			);
			runOnlyForDeploymentPostprocessing = 0;
		};
/* End PBXResourcesBuildPhase section */

/* Begin PBXSourcesBuildPhase section */
		888E4AE82A2A395400F55B43 /* Sources */ = {
			isa = PBXSourcesBuildPhase;
			buildActionMask = 2147483647;
			files = (
				888E4AF42A2A395400F55B43 /* ViewController.swift in Sources */,
				888E4AF02A2A395400F55B43 /* AppDelegate.swift in Sources */,
				888E4AF22A2A395400F55B43 /* SceneDelegate.swift in Sources */,
			);
			runOnlyForDeploymentPostprocessing = 0;
		};
		888E4AFE2A2A395600F55B43 /* Sources */ = {
			isa = PBXSourcesBuildPhase;
			buildActionMask = 2147483647;
			files = (
				888E4B072A2A395600F55B43 /* GameInfoTests.swift in Sources */,
			);
			runOnlyForDeploymentPostprocessing = 0;
		};
		888E4B082A2A395600F55B43 /* Sources */ = {
			isa = PBXSourcesBuildPhase;
			buildActionMask = 2147483647;
			files = (
				888E4B132A2A395600F55B43 /* GameInfoUITestsLaunchTests.swift in Sources */,
				888E4B112A2A395600F55B43 /* GameInfoUITests.swift in Sources */,
			);
			runOnlyForDeploymentPostprocessing = 0;
		};
/* End PBXSourcesBuildPhase section */

/* Begin PBXTargetDependency section */
		888E4B042A2A395600F55B43 /* PBXTargetDependency */ = {
			isa = PBXTargetDependency;
			target = 888E4AEB2A2A395400F55B43 /* GameInfo */;
			targetProxy = 888E4B032A2A395600F55B43 /* PBXContainerItemProxy */;
		};
		888E4B0E2A2A395600F55B43 /* PBXTargetDependency */ = {
			isa = PBXTargetDependency;
			target = 888E4AEB2A2A395400F55B43 /* GameInfo */;
			targetProxy = 888E4B0D2A2A395600F55B43 /* PBXContainerItemProxy */;
		};
/* End PBXTargetDependency section */

/* Begin PBXVariantGroup section */
		888E4AF52A2A395400F55B43 /* Main.storyboard */ = {
			isa = PBXVariantGroup;
			children = (
				888E4AF62A2A395400F55B43 /* Base */,
			);
			name = Main.storyboard;
			sourceTree = "<group>";
		};
		888E4AFA2A2A395600F55B43 /* LaunchScreen.storyboard */ = {
			isa = PBXVariantGroup;
			children = (
				888E4AFB2A2A395600F55B43 /* Base */,
			);
			name = LaunchScreen.storyboard;
			sourceTree = "<group>";
		};
/* End PBXVariantGroup section */

/* Begin XCBuildConfiguration section */
		888E4B142A2A395600F55B43 /* Debug */ = {
			isa = XCBuildConfiguration;
			buildSettings = {
				ALWAYS_SEARCH_USER_PATHS = NO;
				CLANG_ANALYZER_NONNULL = YES;
				CLANG_ANALYZER_NUMBER_OBJECT_CONVERSION = YES_AGGRESSIVE;
				CLANG_CXX_LANGUAGE_STANDARD = "gnu++20";
				CLANG_ENABLE_MODULES = YES;
				CLANG_ENABLE_OBJC_ARC = YES;
				CLANG_ENABLE_OBJC_WEAK = YES;
				CLANG_WARN_BLOCK_CAPTURE_AUTORELEASING = YES;
				CLANG_WARN_BOOL_CONVERSION = YES;
				CLANG_WARN_COMMA = YES;
				CLANG_WARN_CONSTANT_CONVERSION = YES;
				CLANG_WARN_DEPRECATED_OBJC_IMPLEMENTATIONS = YES;
				CLANG_WARN_DIRECT_OBJC_ISA_USAGE = YES_ERROR;
				CLANG_WARN_DOCUMENTATION_COMMENTS = YES;
				CLANG_WARN_EMPTY_BODY = YES;
				CLANG_WARN_ENUM_CONVERSION = YES;
				CLANG_WARN_INFINITE_RECURSION = YES;
				CLANG_WARN_INT_CONVERSION = YES;
				CLANG_WARN_NON_LITERAL_NULL_CONVERSION = YES;
				CLANG_WARN_OBJC_IMPLICIT_RETAIN_SELF = YES;
				CLANG_WARN_OBJC_LITERAL_CONVERSION = YES;
				CLANG_WARN_OBJC_ROOT_CLASS = YES_ERROR;
				CLANG_WARN_QUOTED_INCLUDE_IN_FRAMEWORK_HEADER = YES;
				CLANG_WARN_RANGE_LOOP_ANALYSIS = YES;
				CLANG_WARN_STRICT_PROTOTYPES = YES;
				CLANG_WARN_SUSPICIOUS_MOVE = YES;
				CLANG_WARN_UNGUARDED_AVAILABILITY = YES_AGGRESSIVE;
				CLANG_WARN_UNREACHABLE_CODE = YES;
				CLANG_WARN__DUPLICATE_METHOD_MATCH = YES;
				COPY_PHASE_STRIP = NO;
				DEBUG_INFORMATION_FORMAT = dwarf;
				ENABLE_STRICT_OBJC_MSGSEND = YES;
				ENABLE_TESTABILITY = YES;
				GCC_C_LANGUAGE_STANDARD = gnu11;
				GCC_DYNAMIC_NO_PIC = NO;
				GCC_NO_COMMON_BLOCKS = YES;
				GCC_OPTIMIZATION_LEVEL = 0;
				GCC_PREPROCESSOR_DEFINITIONS = (
					"DEBUG=1",
					"$(inherited)",
				);
				GCC_WARN_64_TO_32_BIT_CONVERSION = YES;
				GCC_WARN_ABOUT_RETURN_TYPE = YES_ERROR;
				GCC_WARN_UNDECLARED_SELECTOR = YES;
				GCC_WARN_UNINITIALIZED_AUTOS = YES_AGGRESSIVE;
				GCC_WARN_UNUSED_FUNCTION = YES;
				GCC_WARN_UNUSED_VARIABLE = YES;
				IPHONEOS_DEPLOYMENT_TARGET = 16.4;
				MTL_ENABLE_DEBUG_INFO = INCLUDE_SOURCE;
				MTL_FAST_MATH = YES;
				ONLY_ACTIVE_ARCH = YES;
				SDKROOT = iphoneos;
				SWIFT_ACTIVE_COMPILATION_CONDITIONS = DEBUG;
				SWIFT_OPTIMIZATION_LEVEL = "-Onone";
			};
			name = Debug;
		};
		888E4B152A2A395600F55B43 /* Release */ = {
			isa = XCBuildConfiguration;
			buildSettings = {
				ALWAYS_SEARCH_USER_PATHS = NO;
				CLANG_ANALYZER_NONNULL = YES;
				CLANG_ANALYZER_NUMBER_OBJECT_CONVERSION = YES_AGGRESSIVE;
				CLANG_CXX_LANGUAGE_STANDARD = "gnu++20";
				CLANG_ENABLE_MODULES = YES;
				CLANG_ENABLE_OBJC_ARC = YES;
				CLANG_ENABLE_OBJC_WEAK = YES;
				CLANG_WARN_BLOCK_CAPTURE_AUTORELEASING = YES;
				CLANG_WARN_BOOL_CONVERSION = YES;
				CLANG_WARN_COMMA = YES;
				CLANG_WARN_CONSTANT_CONVERSION = YES;
				CLANG_WARN_DEPRECATED_OBJC_IMPLEMENTATIONS = YES;
				CLANG_WARN_DIRECT_OBJC_ISA_USAGE = YES_ERROR;
				CLANG_WARN_DOCUMENTATION_COMMENTS = YES;
				CLANG_WARN_EMPTY_BODY = YES;
				CLANG_WARN_ENUM_CONVERSION = YES;
				CLANG_WARN_INFINITE_RECURSION = YES;
				CLANG_WARN_INT_CONVERSION = YES;
				CLANG_WARN_NON_LITERAL_NULL_CONVERSION = YES;
				CLANG_WARN_OBJC_IMPLICIT_RETAIN_SELF = YES;
				CLANG_WARN_OBJC_LITERAL_CONVERSION = YES;
				CLANG_WARN_OBJC_ROOT_CLASS = YES_ERROR;
				CLANG_WARN_QUOTED_INCLUDE_IN_FRAMEWORK_HEADER = YES;
				CLANG_WARN_RANGE_LOOP_ANALYSIS = YES;
				CLANG_WARN_STRICT_PROTOTYPES = YES;
				CLANG_WARN_SUSPICIOUS_MOVE = YES;
				CLANG_WARN_UNGUARDED_AVAILABILITY = YES_AGGRESSIVE;
				CLANG_WARN_UNREACHABLE_CODE = YES;
				CLANG_WARN__DUPLICATE_METHOD_MATCH = YES;
				COPY_PHASE_STRIP = NO;
				DEBUG_INFORMATION_FORMAT = "dwarf-with-dsym";
				ENABLE_NS_ASSERTIONS = NO;
				ENABLE_STRICT_OBJC_MSGSEND = YES;
				GCC_C_LANGUAGE_STANDARD = gnu11;
				GCC_NO_COMMON_BLOCKS = YES;
				GCC_WARN_64_TO_32_BIT_CONVERSION = YES;
				GCC_WARN_ABOUT_RETURN_TYPE = YES_ERROR;
				GCC_WARN_UNDECLARED_SELECTOR = YES;
				GCC_WARN_UNINITIALIZED_AUTOS = YES_AGGRESSIVE;
				GCC_WARN_UNUSED_FUNCTION = YES;
				GCC_WARN_UNUSED_VARIABLE = YES;
				IPHONEOS_DEPLOYMENT_TARGET = 16.4;
				MTL_ENABLE_DEBUG_INFO = NO;
				MTL_FAST_MATH = YES;
				SDKROOT = iphoneos;
				SWIFT_COMPILATION_MODE = wholemodule;
				SWIFT_OPTIMIZATION_LEVEL = "-O";
				VALIDATE_PRODUCT = YES;
			};
			name = Release;
		};
		888E4B172A2A395600F55B43 /* Debug */ = {
			isa = XCBuildConfiguration;
			buildSettings = {
				ASSETCATALOG_COMPILER_APPICON_NAME = AppIcon;
				ASSETCATALOG_COMPILER_GLOBAL_ACCENT_COLOR_NAME = AccentColor;
				CODE_SIGN_STYLE = Automatic;
				CURRENT_PROJECT_VERSION = 1;
				DEVELOPMENT_TEAM = 96T9RRH3JB;
				GENERATE_INFOPLIST_FILE = YES;
				INFOPLIST_FILE = GameInfo/Info.plist;
				INFOPLIST_KEY_UIApplicationSupportsIndirectInputEvents = YES;
				INFOPLIST_KEY_UILaunchStoryboardName = LaunchScreen;
				INFOPLIST_KEY_UIMainStoryboardFile = Main;
				INFOPLIST_KEY_UISupportedInterfaceOrientations_iPad = "UIInterfaceOrientationPortrait UIInterfaceOrientationPortraitUpsideDown UIInterfaceOrientationLandscapeLeft UIInterfaceOrientationLandscapeRight";
				INFOPLIST_KEY_UISupportedInterfaceOrientations_iPhone = "UIInterfaceOrientationPortrait UIInterfaceOrientationLandscapeLeft UIInterfaceOrientationLandscapeRight";
				LD_RUNPATH_SEARCH_PATHS = (
					"$(inherited)",
					"@executable_path/Frameworks",
				);
				MARKETING_VERSION = 1.0;
				PRODUCT_BUNDLE_IDENTIFIER = com.djakapermana.www.GameInfo;
				PRODUCT_NAME = "$(TARGET_NAME)";
				SWIFT_EMIT_LOC_STRINGS = YES;
				SWIFT_VERSION = 5.0;
				TARGETED_DEVICE_FAMILY = "1,2";
			};
			name = Debug;
		};
		888E4B182A2A395600F55B43 /* Release */ = {
			isa = XCBuildConfiguration;
			buildSettings = {
				ASSETCATALOG_COMPILER_APPICON_NAME = AppIcon;
				ASSETCATALOG_COMPILER_GLOBAL_ACCENT_COLOR_NAME = AccentColor;
				CODE_SIGN_STYLE = Automatic;
				CURRENT_PROJECT_VERSION = 1;
				DEVELOPMENT_TEAM = 96T9RRH3JB;
				GENERATE_INFOPLIST_FILE = YES;
				INFOPLIST_FILE = GameInfo/Info.plist;
				INFOPLIST_KEY_UIApplicationSupportsIndirectInputEvents = YES;
				INFOPLIST_KEY_UILaunchStoryboardName = LaunchScreen;
				INFOPLIST_KEY_UIMainStoryboardFile = Main;
				INFOPLIST_KEY_UISupportedInterfaceOrientations_iPad = "UIInterfaceOrientationPortrait UIInterfaceOrientationPortraitUpsideDown UIInterfaceOrientationLandscapeLeft UIInterfaceOrientationLandscapeRight";
				INFOPLIST_KEY_UISupportedInterfaceOrientations_iPhone = "UIInterfaceOrientationPortrait UIInterfaceOrientationLandscapeLeft UIInterfaceOrientationLandscapeRight";
				LD_RUNPATH_SEARCH_PATHS = (
					"$(inherited)",
					"@executable_path/Frameworks",
				);
				MARKETING_VERSION = 1.0;
				PRODUCT_BUNDLE_IDENTIFIER = com.djakapermana.www.GameInfo;
				PRODUCT_NAME = "$(TARGET_NAME)";
				SWIFT_EMIT_LOC_STRINGS = YES;
				SWIFT_VERSION = 5.0;
				TARGETED_DEVICE_FAMILY = "1,2";
			};
			name = Release;
		};
		888E4B1A2A2A395600F55B43 /* Debug */ = {
			isa = XCBuildConfiguration;
			buildSettings = {
				ALWAYS_EMBED_SWIFT_STANDARD_LIBRARIES = YES;
				BUNDLE_LOADER = "$(TEST_HOST)";
				CODE_SIGN_STYLE = Automatic;
				CURRENT_PROJECT_VERSION = 1;
				DEVELOPMENT_TEAM = 96T9RRH3JB;
				GENERATE_INFOPLIST_FILE = YES;
				IPHONEOS_DEPLOYMENT_TARGET = 16.4;
				MARKETING_VERSION = 1.0;
				PRODUCT_BUNDLE_IDENTIFIER = com.djakapermana.www.GameInfoTests;
				PRODUCT_NAME = "$(TARGET_NAME)";
				SWIFT_EMIT_LOC_STRINGS = NO;
				SWIFT_VERSION = 5.0;
				TARGETED_DEVICE_FAMILY = "1,2";
				TEST_HOST = "$(BUILT_PRODUCTS_DIR)/GameInfo.app/$(BUNDLE_EXECUTABLE_FOLDER_PATH)/GameInfo";
			};
			name = Debug;
		};
		888E4B1B2A2A395600F55B43 /* Release */ = {
			isa = XCBuildConfiguration;
			buildSettings = {
				ALWAYS_EMBED_SWIFT_STANDARD_LIBRARIES = YES;
				BUNDLE_LOADER = "$(TEST_HOST)";
				CODE_SIGN_STYLE = Automatic;
				CURRENT_PROJECT_VERSION = 1;
				DEVELOPMENT_TEAM = 96T9RRH3JB;
				GENERATE_INFOPLIST_FILE = YES;
				IPHONEOS_DEPLOYMENT_TARGET = 16.4;
				MARKETING_VERSION = 1.0;
				PRODUCT_BUNDLE_IDENTIFIER = com.djakapermana.www.GameInfoTests;
				PRODUCT_NAME = "$(TARGET_NAME)";
				SWIFT_EMIT_LOC_STRINGS = NO;
				SWIFT_VERSION = 5.0;
				TARGETED_DEVICE_FAMILY = "1,2";
				TEST_HOST = "$(BUILT_PRODUCTS_DIR)/GameInfo.app/$(BUNDLE_EXECUTABLE_FOLDER_PATH)/GameInfo";
			};
			name = Release;
		};
		888E4B1D2A2A395600F55B43 /* Debug */ = {
			isa = XCBuildConfiguration;
			buildSettings = {
				ALWAYS_EMBED_SWIFT_STANDARD_LIBRARIES = YES;
				CODE_SIGN_STYLE = Automatic;
				CURRENT_PROJECT_VERSION = 1;
				DEVELOPMENT_TEAM = 96T9RRH3JB;
				GENERATE_INFOPLIST_FILE = YES;
				MARKETING_VERSION = 1.0;
				PRODUCT_BUNDLE_IDENTIFIER = com.djakapermana.www.GameInfoUITests;
				PRODUCT_NAME = "$(TARGET_NAME)";
				SWIFT_EMIT_LOC_STRINGS = NO;
				SWIFT_VERSION = 5.0;
				TARGETED_DEVICE_FAMILY = "1,2";
				TEST_TARGET_NAME = GameInfo;
			};
			name = Debug;
		};
		888E4B1E2A2A395600F55B43 /* Release */ = {
			isa = XCBuildConfiguration;
			buildSettings = {
				ALWAYS_EMBED_SWIFT_STANDARD_LIBRARIES = YES;
				CODE_SIGN_STYLE = Automatic;
				CURRENT_PROJECT_VERSION = 1;
				DEVELOPMENT_TEAM = 96T9RRH3JB;
				GENERATE_INFOPLIST_FILE = YES;
				MARKETING_VERSION = 1.0;
				PRODUCT_BUNDLE_IDENTIFIER = com.djakapermana.www.GameInfoUITests;
				PRODUCT_NAME = "$(TARGET_NAME)";
				SWIFT_EMIT_LOC_STRINGS = NO;
				SWIFT_VERSION = 5.0;
				TARGETED_DEVICE_FAMILY = "1,2";
				TEST_TARGET_NAME = GameInfo;
			};
			name = Release;
		};
/* End XCBuildConfiguration section */

/* Begin XCConfigurationList section */
		888E4AE72A2A395400F55B43 /* Build configuration list for PBXProject "GameInfo" */ = {
			isa = XCConfigurationList;
			buildConfigurations = (
				888E4B142A2A395600F55B43 /* Debug */,
				888E4B152A2A395600F55B43 /* Release */,
			);
			defaultConfigurationIsVisible = 0;
			defaultConfigurationName = Release;
		};
		888E4B162A2A395600F55B43 /* Build configuration list for PBXNativeTarget "GameInfo" */ = {
			isa = XCConfigurationList;
			buildConfigurations = (
				888E4B172A2A395600F55B43 /* Debug */,
				888E4B182A2A395600F55B43 /* Release */,
			);
			defaultConfigurationIsVisible = 0;
			defaultConfigurationName = Release;
		};
		888E4B192A2A395600F55B43 /* Build configuration list for PBXNativeTarget "GameInfoTests" */ = {
			isa = XCConfigurationList;
			buildConfigurations = (
				888E4B1A2A2A395600F55B43 /* Debug */,
				888E4B1B2A2A395600F55B43 /* Release */,
			);
			defaultConfigurationIsVisible = 0;
			defaultConfigurationName = Release;
		};
		888E4B1C2A2A395600F55B43 /* Build configuration list for PBXNativeTarget "GameInfoUITests" */ = {
			isa = XCConfigurationList;
			buildConfigurations = (
				888E4B1D2A2A395600F55B43 /* Debug */,
				888E4B1E2A2A395600F55B43 /* Release */,
			);
			defaultConfigurationIsVisible = 0;
			defaultConfigurationName = Release;
		};
/* End XCConfigurationList section */
	};
	rootObject = 888E4AE42A2A395400F55B43 /* Project object */;
}
