// !$*UTF8*$!
{
	archiveVersion = 1;
	classes = {
	};
	objectVersion = 56;
	objects = {

/* Begin PBXBuildFile section */
		8856F4A12A2E2F5400AD8C17 /* GameParameter.swift in Sources */ = {isa = PBXBuildFile; fileRef = 8856F4A02A2E2F5400AD8C17 /* GameParameter.swift */; };
		8856F4A32A2E342200AD8C17 /* GameDetailResponseModel.swift in Sources */ = {isa = PBXBuildFile; fileRef = 8856F4A22A2E342200AD8C17 /* GameDetailResponseModel.swift */; };
		8856F4A52A2E4AAC00AD8C17 /* ParentPlatformResponseModel.swift in Sources */ = {isa = PBXBuildFile; fileRef = 8856F4A42A2E4AAC00AD8C17 /* ParentPlatformResponseModel.swift */; };
		8856F4A72A2E4AB700AD8C17 /* PlatformResponseModel.swift in Sources */ = {isa = PBXBuildFile; fileRef = 8856F4A62A2E4AB700AD8C17 /* PlatformResponseModel.swift */; };
		8856F4A92A2E502E00AD8C17 /* GameDetailModel.swift in Sources */ = {isa = PBXBuildFile; fileRef = 8856F4A82A2E502E00AD8C17 /* GameDetailModel.swift */; };
		8856F4AB2A2E623C00AD8C17 /* String+StringToHtml.swift in Sources */ = {isa = PBXBuildFile; fileRef = 8856F4AA2A2E623C00AD8C17 /* String+StringToHtml.swift */; };
		886523DE2A2CC46D00BBFB7F /* LoadingTableViewCell.swift in Sources */ = {isa = PBXBuildFile; fileRef = 886523DC2A2CC46D00BBFB7F /* LoadingTableViewCell.swift */; };
		886523DF2A2CC46D00BBFB7F /* LoadingTableViewCell.xib in Resources */ = {isa = PBXBuildFile; fileRef = 886523DD2A2CC46D00BBFB7F /* LoadingTableViewCell.xib */; };
		886523E22A2CFB3600BBFB7F /* DetailGameViewController.swift in Sources */ = {isa = PBXBuildFile; fileRef = 886523E02A2CFB3600BBFB7F /* DetailGameViewController.swift */; };
		886523E32A2CFB3600BBFB7F /* DetailGameViewController.xib in Resources */ = {isa = PBXBuildFile; fileRef = 886523E12A2CFB3600BBFB7F /* DetailGameViewController.xib */; };
		88764D8F2A3EE2CE002E0C1B /* AboutPreference.swift in Sources */ = {isa = PBXBuildFile; fileRef = 88764D8E2A3EE2CE002E0C1B /* AboutPreference.swift */; };
		887DE67C2A2FADF300DB0984 /* About.json in Resources */ = {isa = PBXBuildFile; fileRef = 887DE67B2A2FADF300DB0984 /* About.json */; };
		887DE67E2A2FAF4700DB0984 /* AboutModel.swift in Sources */ = {isa = PBXBuildFile; fileRef = 887DE67D2A2FAF4700DB0984 /* AboutModel.swift */; };
		888338352A3DF8A300B884BE /* UIStackView+Ext.swift in Sources */ = {isa = PBXBuildFile; fileRef = 888338342A3DF8A300B884BE /* UIStackView+Ext.swift */; };
		888338382A3E1C8B00B884BE /* EditProfileViewController.swift in Sources */ = {isa = PBXBuildFile; fileRef = 888338362A3E1C8B00B884BE /* EditProfileViewController.swift */; };
		888338392A3E1C8B00B884BE /* EditProfileViewController.xib in Resources */ = {isa = PBXBuildFile; fileRef = 888338372A3E1C8B00B884BE /* EditProfileViewController.xib */; };
		888861102A3773800075020A /* FavoriteGameViewController.swift in Sources */ = {isa = PBXBuildFile; fileRef = 8888610E2A3773800075020A /* FavoriteGameViewController.swift */; };
		888861112A3773810075020A /* FavoriteGameViewController.xib in Resources */ = {isa = PBXBuildFile; fileRef = 8888610F2A3773800075020A /* FavoriteGameViewController.xib */; };
		888861152A3782630075020A /* GameProvider.swift in Sources */ = {isa = PBXBuildFile; fileRef = 888861142A3782630075020A /* GameProvider.swift */; };
		888E4AF02A2A395400F55B43 /* AppDelegate.swift in Sources */ = {isa = PBXBuildFile; fileRef = 888E4AEF2A2A395400F55B43 /* AppDelegate.swift */; };
		888E4AF22A2A395400F55B43 /* SceneDelegate.swift in Sources */ = {isa = PBXBuildFile; fileRef = 888E4AF12A2A395400F55B43 /* SceneDelegate.swift */; };
		888E4AF92A2A395600F55B43 /* Assets.xcassets in Resources */ = {isa = PBXBuildFile; fileRef = 888E4AF82A2A395600F55B43 /* Assets.xcassets */; };
		888E4AFC2A2A395600F55B43 /* LaunchScreen.storyboard in Resources */ = {isa = PBXBuildFile; fileRef = 888E4AFA2A2A395600F55B43 /* LaunchScreen.storyboard */; };
		888E4B072A2A395600F55B43 /* GameInfoTests.swift in Sources */ = {isa = PBXBuildFile; fileRef = 888E4B062A2A395600F55B43 /* GameInfoTests.swift */; };
		888E4B112A2A395600F55B43 /* GameInfoUITests.swift in Sources */ = {isa = PBXBuildFile; fileRef = 888E4B102A2A395600F55B43 /* GameInfoUITests.swift */; };
		888E4B132A2A395600F55B43 /* GameInfoUITestsLaunchTests.swift in Sources */ = {isa = PBXBuildFile; fileRef = 888E4B122A2A395600F55B43 /* GameInfoUITestsLaunchTests.swift */; };
		888E4B212A2A39C700F55B43 /* MainViewController.swift in Sources */ = {isa = PBXBuildFile; fileRef = 888E4B1F2A2A39C700F55B43 /* MainViewController.swift */; };
		888E4B222A2A39C700F55B43 /* MainViewController.xib in Resources */ = {isa = PBXBuildFile; fileRef = 888E4B202A2A39C700F55B43 /* MainViewController.xib */; };
		888E4B272A2B032200F55B43 /* MainTabBarController.swift in Sources */ = {isa = PBXBuildFile; fileRef = 888E4B262A2B032200F55B43 /* MainTabBarController.swift */; };
		888E4B2C2A2B038D00F55B43 /* ProfileViewController.swift in Sources */ = {isa = PBXBuildFile; fileRef = 888E4B2A2A2B038D00F55B43 /* ProfileViewController.swift */; };
		888E4B2D2A2B038D00F55B43 /* ProfileViewController.xib in Resources */ = {isa = PBXBuildFile; fileRef = 888E4B2B2A2B038D00F55B43 /* ProfileViewController.xib */; };
		888E4B302A2B03EF00F55B43 /* UIColor+Hex.swift in Sources */ = {isa = PBXBuildFile; fileRef = 888E4B2F2A2B03EF00F55B43 /* UIColor+Hex.swift */; };
		888E4B342A2B0B0D00F55B43 /* GameEndpoint.swift in Sources */ = {isa = PBXBuildFile; fileRef = 888E4B332A2B0B0D00F55B43 /* GameEndpoint.swift */; };
		888E4B362A2B0DC400F55B43 /* Endpoint.swift in Sources */ = {isa = PBXBuildFile; fileRef = 888E4B352A2B0DC400F55B43 /* Endpoint.swift */; };
		888E4B382A2B109900F55B43 /* APIConstants.swift in Sources */ = {isa = PBXBuildFile; fileRef = 888E4B372A2B109900F55B43 /* APIConstants.swift */; };
		888E4B3A2A2B4B8A00F55B43 /* GamesService.swift in Sources */ = {isa = PBXBuildFile; fileRef = 888E4B392A2B4B8A00F55B43 /* GamesService.swift */; };
		888E4B3C2A2B580200F55B43 /* GamesResponseModel.swift in Sources */ = {isa = PBXBuildFile; fileRef = 888E4B3B2A2B580200F55B43 /* GamesResponseModel.swift */; };
		888E4B3E2A2B677D00F55B43 /* HTTPMethod.swift in Sources */ = {isa = PBXBuildFile; fileRef = 888E4B3D2A2B677D00F55B43 /* HTTPMethod.swift */; };
		888E4B422A2B69E800F55B43 /* HTTPClient.swift in Sources */ = {isa = PBXBuildFile; fileRef = 888E4B412A2B69E800F55B43 /* HTTPClient.swift */; };
		888E4B442A2B6BDB00F55B43 /* HTTPError.swift in Sources */ = {isa = PBXBuildFile; fileRef = 888E4B432A2B6BDB00F55B43 /* HTTPError.swift */; };
		888E4B462A2B751B00F55B43 /* ParameterEncoding.swift in Sources */ = {isa = PBXBuildFile; fileRef = 888E4B452A2B751B00F55B43 /* ParameterEncoding.swift */; };
		888E4B4D2A2BAEFB00F55B43 /* GameTableViewCell.swift in Sources */ = {isa = PBXBuildFile; fileRef = 888E4B4B2A2BAEFB00F55B43 /* GameTableViewCell.swift */; };
		888E4B4E2A2BAEFB00F55B43 /* GameTableViewCell.xib in Resources */ = {isa = PBXBuildFile; fileRef = 888E4B4C2A2BAEFB00F55B43 /* GameTableViewCell.xib */; };
		888E4B512A2BC63C00F55B43 /* ImageDownloader.swift in Sources */ = {isa = PBXBuildFile; fileRef = 888E4B502A2BC63C00F55B43 /* ImageDownloader.swift */; };
		888E4B552A2BCE2600F55B43 /* GameModel.swift in Sources */ = {isa = PBXBuildFile; fileRef = 888E4B542A2BCE2600F55B43 /* GameModel.swift */; };
		88F7D5C62A33972300CBC999 /* GamesInfoDB.xcdatamodeld in Sources */ = {isa = PBXBuildFile; fileRef = 88F7D5C42A33972300CBC999 /* GamesInfoDB.xcdatamodeld */; };
/* End PBXBuildFile section */

/* Begin PBXContainerItemProxy section */
		888E4B032A2A395600F55B43 /* PBXContainerItemProxy */ = {
			isa = PBXContainerItemProxy;
			containerPortal = 888E4AE42A2A395400F55B43 /* Project object */;
			proxyType = 1;
			remoteGlobalIDString = 888E4AEB2A2A395400F55B43;
			remoteInfo = GameInfo;
		};
		888E4B0D2A2A395600F55B43 /* PBXContainerItemProxy */ = {
			isa = PBXContainerItemProxy;
			containerPortal = 888E4AE42A2A395400F55B43 /* Project object */;
			proxyType = 1;
			remoteGlobalIDString = 888E4AEB2A2A395400F55B43;
			remoteInfo = GameInfo;
		};
/* End PBXContainerItemProxy section */

/* Begin PBXFileReference section */
		8856F4A02A2E2F5400AD8C17 /* GameParameter.swift */ = {isa = PBXFileReference; lastKnownFileType = sourcecode.swift; path = GameParameter.swift; sourceTree = "<group>"; };
		8856F4A22A2E342200AD8C17 /* GameDetailResponseModel.swift */ = {isa = PBXFileReference; lastKnownFileType = sourcecode.swift; path = GameDetailResponseModel.swift; sourceTree = "<group>"; };
		8856F4A42A2E4AAC00AD8C17 /* ParentPlatformResponseModel.swift */ = {isa = PBXFileReference; lastKnownFileType = sourcecode.swift; path = ParentPlatformResponseModel.swift; sourceTree = "<group>"; };
		8856F4A62A2E4AB700AD8C17 /* PlatformResponseModel.swift */ = {isa = PBXFileReference; lastKnownFileType = sourcecode.swift; path = PlatformResponseModel.swift; sourceTree = "<group>"; };
		8856F4A82A2E502E00AD8C17 /* GameDetailModel.swift */ = {isa = PBXFileReference; lastKnownFileType = sourcecode.swift; path = GameDetailModel.swift; sourceTree = "<group>"; };
		8856F4AA2A2E623C00AD8C17 /* String+StringToHtml.swift */ = {isa = PBXFileReference; lastKnownFileType = sourcecode.swift; path = "String+StringToHtml.swift"; sourceTree = "<group>"; };
		886523DC2A2CC46D00BBFB7F /* LoadingTableViewCell.swift */ = {isa = PBXFileReference; lastKnownFileType = sourcecode.swift; path = LoadingTableViewCell.swift; sourceTree = "<group>"; };
		886523DD2A2CC46D00BBFB7F /* LoadingTableViewCell.xib */ = {isa = PBXFileReference; lastKnownFileType = file.xib; path = LoadingTableViewCell.xib; sourceTree = "<group>"; };
		886523E02A2CFB3600BBFB7F /* DetailGameViewController.swift */ = {isa = PBXFileReference; lastKnownFileType = sourcecode.swift; path = DetailGameViewController.swift; sourceTree = "<group>"; };
		886523E12A2CFB3600BBFB7F /* DetailGameViewController.xib */ = {isa = PBXFileReference; lastKnownFileType = file.xib; path = DetailGameViewController.xib; sourceTree = "<group>"; };
		88764D8E2A3EE2CE002E0C1B /* AboutPreference.swift */ = {isa = PBXFileReference; lastKnownFileType = sourcecode.swift; path = AboutPreference.swift; sourceTree = "<group>"; };
		887DE67B2A2FADF300DB0984 /* About.json */ = {isa = PBXFileReference; fileEncoding = 4; lastKnownFileType = text.json; path = About.json; sourceTree = "<group>"; };
		887DE67D2A2FAF4700DB0984 /* AboutModel.swift */ = {isa = PBXFileReference; fileEncoding = 4; lastKnownFileType = sourcecode.swift; path = AboutModel.swift; sourceTree = "<group>"; };
		888338342A3DF8A300B884BE /* UIStackView+Ext.swift */ = {isa = PBXFileReference; lastKnownFileType = sourcecode.swift; path = "UIStackView+Ext.swift"; sourceTree = "<group>"; };
		888338362A3E1C8B00B884BE /* EditProfileViewController.swift */ = {isa = PBXFileReference; lastKnownFileType = sourcecode.swift; path = EditProfileViewController.swift; sourceTree = "<group>"; };
		888338372A3E1C8B00B884BE /* EditProfileViewController.xib */ = {isa = PBXFileReference; lastKnownFileType = file.xib; path = EditProfileViewController.xib; sourceTree = "<group>"; };
		8888610E2A3773800075020A /* FavoriteGameViewController.swift */ = {isa = PBXFileReference; lastKnownFileType = sourcecode.swift; path = FavoriteGameViewController.swift; sourceTree = "<group>"; };
		8888610F2A3773800075020A /* FavoriteGameViewController.xib */ = {isa = PBXFileReference; lastKnownFileType = file.xib; path = FavoriteGameViewController.xib; sourceTree = "<group>"; };
		888861142A3782630075020A /* GameProvider.swift */ = {isa = PBXFileReference; lastKnownFileType = sourcecode.swift; path = GameProvider.swift; sourceTree = "<group>"; };
		888E4AEC2A2A395400F55B43 /* GameInfo.app */ = {isa = PBXFileReference; explicitFileType = wrapper.application; includeInIndex = 0; path = GameInfo.app; sourceTree = BUILT_PRODUCTS_DIR; };
		888E4AEF2A2A395400F55B43 /* AppDelegate.swift */ = {isa = PBXFileReference; lastKnownFileType = sourcecode.swift; path = AppDelegate.swift; sourceTree = "<group>"; };
		888E4AF12A2A395400F55B43 /* SceneDelegate.swift */ = {isa = PBXFileReference; lastKnownFileType = sourcecode.swift; path = SceneDelegate.swift; sourceTree = "<group>"; };
		888E4AF82A2A395600F55B43 /* Assets.xcassets */ = {isa = PBXFileReference; lastKnownFileType = folder.assetcatalog; path = Assets.xcassets; sourceTree = "<group>"; };
		888E4AFB2A2A395600F55B43 /* Base */ = {isa = PBXFileReference; lastKnownFileType = file.storyboard; name = Base; path = Base.lproj/LaunchScreen.storyboard; sourceTree = "<group>"; };
		888E4AFD2A2A395600F55B43 /* Info.plist */ = {isa = PBXFileReference; lastKnownFileType = text.plist.xml; path = Info.plist; sourceTree = "<group>"; };
		888E4B022A2A395600F55B43 /* GameInfoTests.xctest */ = {isa = PBXFileReference; explicitFileType = wrapper.cfbundle; includeInIndex = 0; path = GameInfoTests.xctest; sourceTree = BUILT_PRODUCTS_DIR; };
		888E4B062A2A395600F55B43 /* GameInfoTests.swift */ = {isa = PBXFileReference; lastKnownFileType = sourcecode.swift; path = GameInfoTests.swift; sourceTree = "<group>"; };
		888E4B0C2A2A395600F55B43 /* GameInfoUITests.xctest */ = {isa = PBXFileReference; explicitFileType = wrapper.cfbundle; includeInIndex = 0; path = GameInfoUITests.xctest; sourceTree = BUILT_PRODUCTS_DIR; };
		888E4B102A2A395600F55B43 /* GameInfoUITests.swift */ = {isa = PBXFileReference; lastKnownFileType = sourcecode.swift; path = GameInfoUITests.swift; sourceTree = "<group>"; };
		888E4B122A2A395600F55B43 /* GameInfoUITestsLaunchTests.swift */ = {isa = PBXFileReference; lastKnownFileType = sourcecode.swift; path = GameInfoUITestsLaunchTests.swift; sourceTree = "<group>"; };
		888E4B1F2A2A39C700F55B43 /* MainViewController.swift */ = {isa = PBXFileReference; lastKnownFileType = sourcecode.swift; path = MainViewController.swift; sourceTree = "<group>"; };
		888E4B202A2A39C700F55B43 /* MainViewController.xib */ = {isa = PBXFileReference; lastKnownFileType = file.xib; path = MainViewController.xib; sourceTree = "<group>"; };
		888E4B262A2B032200F55B43 /* MainTabBarController.swift */ = {isa = PBXFileReference; lastKnownFileType = sourcecode.swift; path = MainTabBarController.swift; sourceTree = "<group>"; };
		888E4B2A2A2B038D00F55B43 /* ProfileViewController.swift */ = {isa = PBXFileReference; lastKnownFileType = sourcecode.swift; path = ProfileViewController.swift; sourceTree = "<group>"; };
		888E4B2B2A2B038D00F55B43 /* ProfileViewController.xib */ = {isa = PBXFileReference; lastKnownFileType = file.xib; path = ProfileViewController.xib; sourceTree = "<group>"; };
		888E4B2F2A2B03EF00F55B43 /* UIColor+Hex.swift */ = {isa = PBXFileReference; lastKnownFileType = sourcecode.swift; path = "UIColor+Hex.swift"; sourceTree = "<group>"; };
		888E4B332A2B0B0D00F55B43 /* GameEndpoint.swift */ = {isa = PBXFileReference; lastKnownFileType = sourcecode.swift; path = GameEndpoint.swift; sourceTree = "<group>"; };
		888E4B352A2B0DC400F55B43 /* Endpoint.swift */ = {isa = PBXFileReference; lastKnownFileType = sourcecode.swift; path = Endpoint.swift; sourceTree = "<group>"; };
		888E4B372A2B109900F55B43 /* APIConstants.swift */ = {isa = PBXFileReference; lastKnownFileType = sourcecode.swift; path = APIConstants.swift; sourceTree = "<group>"; };
		888E4B392A2B4B8A00F55B43 /* GamesService.swift */ = {isa = PBXFileReference; lastKnownFileType = sourcecode.swift; path = GamesService.swift; sourceTree = "<group>"; };
		888E4B3B2A2B580200F55B43 /* GamesResponseModel.swift */ = {isa = PBXFileReference; lastKnownFileType = sourcecode.swift; path = GamesResponseModel.swift; sourceTree = "<group>"; };
		888E4B3D2A2B677D00F55B43 /* HTTPMethod.swift */ = {isa = PBXFileReference; lastKnownFileType = sourcecode.swift; path = HTTPMethod.swift; sourceTree = "<group>"; };
		888E4B412A2B69E800F55B43 /* HTTPClient.swift */ = {isa = PBXFileReference; lastKnownFileType = sourcecode.swift; path = HTTPClient.swift; sourceTree = "<group>"; };
		888E4B432A2B6BDB00F55B43 /* HTTPError.swift */ = {isa = PBXFileReference; lastKnownFileType = sourcecode.swift; path = HTTPError.swift; sourceTree = "<group>"; };
		888E4B452A2B751B00F55B43 /* ParameterEncoding.swift */ = {isa = PBXFileReference; lastKnownFileType = sourcecode.swift; path = ParameterEncoding.swift; sourceTree = "<group>"; };
		888E4B4B2A2BAEFB00F55B43 /* GameTableViewCell.swift */ = {isa = PBXFileReference; lastKnownFileType = sourcecode.swift; path = GameTableViewCell.swift; sourceTree = "<group>"; };
		888E4B4C2A2BAEFB00F55B43 /* GameTableViewCell.xib */ = {isa = PBXFileReference; lastKnownFileType = file.xib; path = GameTableViewCell.xib; sourceTree = "<group>"; };
		888E4B502A2BC63C00F55B43 /* ImageDownloader.swift */ = {isa = PBXFileReference; lastKnownFileType = sourcecode.swift; path = ImageDownloader.swift; sourceTree = "<group>"; };
		888E4B542A2BCE2600F55B43 /* GameModel.swift */ = {isa = PBXFileReference; lastKnownFileType = sourcecode.swift; path = GameModel.swift; sourceTree = "<group>"; };
		88F7D5C52A33972300CBC999 /* GamesInfoDB.xcdatamodel */ = {isa = PBXFileReference; lastKnownFileType = wrapper.xcdatamodel; path = GamesInfoDB.xcdatamodel; sourceTree = "<group>"; };
/* End PBXFileReference section */

/* Begin PBXFrameworksBuildPhase section */
		888E4AE92A2A395400F55B43 /* Frameworks */ = {
			isa = PBXFrameworksBuildPhase;
			buildActionMask = 2147483647;
			files = (
			);
			runOnlyForDeploymentPostprocessing = 0;
		};
		888E4AFF2A2A395600F55B43 /* Frameworks */ = {
			isa = PBXFrameworksBuildPhase;
			buildActionMask = 2147483647;
			files = (
			);
			runOnlyForDeploymentPostprocessing = 0;
		};
		888E4B092A2A395600F55B43 /* Frameworks */ = {
			isa = PBXFrameworksBuildPhase;
			buildActionMask = 2147483647;
			files = (
			);
			runOnlyForDeploymentPostprocessing = 0;
		};
/* End PBXFrameworksBuildPhase section */

/* Begin PBXGroup section */
		8856F49F2A2E2EE000AD8C17 /* Singletons */ = {
			isa = PBXGroup;
			children = (
				8856F4A02A2E2F5400AD8C17 /* GameParameter.swift */,
			);
			path = Singletons;
			sourceTree = "<group>";
		};
		88764D8D2A3EE2A7002E0C1B /* Preferneces */ = {
			isa = PBXGroup;
			children = (
				88764D8E2A3EE2CE002E0C1B /* AboutPreference.swift */,
			);
			path = Preferneces;
			sourceTree = "<group>";
		};
		888861122A377F1D0075020A /* Data */ = {
			isa = PBXGroup;
			children = (
				888861132A377F290075020A /* Local */,
				888E4B232A2A3A0E00F55B43 /* Network */,
			);
			path = Data;
			sourceTree = "<group>";
		};
		888861132A377F290075020A /* Local */ = {
			isa = PBXGroup;
			children = (
				88F7D5C42A33972300CBC999 /* GamesInfoDB.xcdatamodeld */,
				888861142A3782630075020A /* GameProvider.swift */,
			);
			path = Local;
			sourceTree = "<group>";
		};
		888E4AE32A2A395400F55B43 = {
			isa = PBXGroup;
			children = (
				888861122A377F1D0075020A /* Data */,
				888E4AEE2A2A395400F55B43 /* GameInfo */,
				888E4B052A2A395600F55B43 /* GameInfoTests */,
				888E4B0F2A2A395600F55B43 /* GameInfoUITests */,
				888E4AED2A2A395400F55B43 /* Products */,
			);
			sourceTree = "<group>";
		};
		888E4AED2A2A395400F55B43 /* Products */ = {
			isa = PBXGroup;
			children = (
				888E4AEC2A2A395400F55B43 /* GameInfo.app */,
				888E4B022A2A395600F55B43 /* GameInfoTests.xctest */,
				888E4B0C2A2A395600F55B43 /* GameInfoUITests.xctest */,
			);
			name = Products;
			sourceTree = "<group>";
		};
		888E4AEE2A2A395400F55B43 /* GameInfo */ = {
			isa = PBXGroup;
			children = (
				8856F49F2A2E2EE000AD8C17 /* Singletons */,
				888E4B4F2A2BC61C00F55B43 /* Helpers */,
				888E4B4A2A2BAEA400F55B43 /* Cells */,
				888E4B322A2B045800F55B43 /* SupportingFiles */,
				888E4B312A2B043900F55B43 /* ViewControllers */,
				888E4B2E2A2B03B800F55B43 /* Extensions */,
				888E4B242A2A3A1F00F55B43 /* Models */,
				888E4AEF2A2A395400F55B43 /* AppDelegate.swift */,
				888E4AF12A2A395400F55B43 /* SceneDelegate.swift */,
				888E4AFA2A2A395600F55B43 /* LaunchScreen.storyboard */,
			);
			path = GameInfo;
			sourceTree = "<group>";
		};
		888E4B052A2A395600F55B43 /* GameInfoTests */ = {
			isa = PBXGroup;
			children = (
				888E4B062A2A395600F55B43 /* GameInfoTests.swift */,
			);
			path = GameInfoTests;
			sourceTree = "<group>";
		};
		888E4B0F2A2A395600F55B43 /* GameInfoUITests */ = {
			isa = PBXGroup;
			children = (
				888E4B102A2A395600F55B43 /* GameInfoUITests.swift */,
				888E4B122A2A395600F55B43 /* GameInfoUITestsLaunchTests.swift */,
			);
			path = GameInfoUITests;
			sourceTree = "<group>";
		};
		888E4B232A2A3A0E00F55B43 /* Network */ = {
			isa = PBXGroup;
			children = (
				888E4B492A2BA93C00F55B43 /* Services */,
				888E4B482A2BA78300F55B43 /* Endpoints */,
				888E4B472A2BA77500F55B43 /* Base */,
				888E4B372A2B109900F55B43 /* APIConstants.swift */,
			);
			path = Network;
			sourceTree = "<group>";
		};
		888E4B242A2A3A1F00F55B43 /* Models */ = {
			isa = PBXGroup;
			children = (
				887DE67B2A2FADF300DB0984 /* About.json */,
				88764D8D2A3EE2A7002E0C1B /* Preferneces */,
				888E4B532A2BCE0C00F55B43 /* UIModels */,
				888E4B522A2BCDFE00F55B43 /* NetworkModels */,
			);
			path = Models;
			sourceTree = "<group>";
		};
		888E4B2E2A2B03B800F55B43 /* Extensions */ = {
			isa = PBXGroup;
			children = (
				888E4B2F2A2B03EF00F55B43 /* UIColor+Hex.swift */,
				8856F4AA2A2E623C00AD8C17 /* String+StringToHtml.swift */,
				888338342A3DF8A300B884BE /* UIStackView+Ext.swift */,
			);
			path = Extensions;
			sourceTree = "<group>";
		};
		888E4B312A2B043900F55B43 /* ViewControllers */ = {
			isa = PBXGroup;
			children = (
				888E4B1F2A2A39C700F55B43 /* MainViewController.swift */,
				888E4B202A2A39C700F55B43 /* MainViewController.xib */,
				888E4B262A2B032200F55B43 /* MainTabBarController.swift */,
				888E4B2A2A2B038D00F55B43 /* ProfileViewController.swift */,
				888E4B2B2A2B038D00F55B43 /* ProfileViewController.xib */,
				886523E02A2CFB3600BBFB7F /* DetailGameViewController.swift */,
				886523E12A2CFB3600BBFB7F /* DetailGameViewController.xib */,
				8888610E2A3773800075020A /* FavoriteGameViewController.swift */,
				8888610F2A3773800075020A /* FavoriteGameViewController.xib */,
				888338362A3E1C8B00B884BE /* EditProfileViewController.swift */,
				888338372A3E1C8B00B884BE /* EditProfileViewController.xib */,
			);
			path = ViewControllers;
			sourceTree = "<group>";
		};
		888E4B322A2B045800F55B43 /* SupportingFiles */ = {
			isa = PBXGroup;
			children = (
				888E4AF82A2A395600F55B43 /* Assets.xcassets */,
				888E4AFD2A2A395600F55B43 /* Info.plist */,
			);
			path = SupportingFiles;
			sourceTree = "<group>";
		};
		888E4B472A2BA77500F55B43 /* Base */ = {
			isa = PBXGroup;
			children = (
				888E4B3D2A2B677D00F55B43 /* HTTPMethod.swift */,
				888E4B412A2B69E800F55B43 /* HTTPClient.swift */,
				888E4B432A2B6BDB00F55B43 /* HTTPError.swift */,
				888E4B452A2B751B00F55B43 /* ParameterEncoding.swift */,
				888E4B352A2B0DC400F55B43 /* Endpoint.swift */,
			);
			path = Base;
			sourceTree = "<group>";
		};
		888E4B482A2BA78300F55B43 /* Endpoints */ = {
			isa = PBXGroup;
			children = (
				888E4B332A2B0B0D00F55B43 /* GameEndpoint.swift */,
			);
			path = Endpoints;
			sourceTree = "<group>";
		};
		888E4B492A2BA93C00F55B43 /* Services */ = {
			isa = PBXGroup;
			children = (
				888E4B392A2B4B8A00F55B43 /* GamesService.swift */,
			);
			path = Services;
			sourceTree = "<group>";
		};
		888E4B4A2A2BAEA400F55B43 /* Cells */ = {
			isa = PBXGroup;
			children = (
				888E4B4B2A2BAEFB00F55B43 /* GameTableViewCell.swift */,
				888E4B4C2A2BAEFB00F55B43 /* GameTableViewCell.xib */,
				886523DC2A2CC46D00BBFB7F /* LoadingTableViewCell.swift */,
				886523DD2A2CC46D00BBFB7F /* LoadingTableViewCell.xib */,
			);
			path = Cells;
			sourceTree = "<group>";
		};
		888E4B4F2A2BC61C00F55B43 /* Helpers */ = {
			isa = PBXGroup;
			children = (
				888E4B502A2BC63C00F55B43 /* ImageDownloader.swift */,
			);
			path = Helpers;
			sourceTree = "<group>";
		};
		888E4B522A2BCDFE00F55B43 /* NetworkModels */ = {
			isa = PBXGroup;
			children = (
				888E4B3B2A2B580200F55B43 /* GamesResponseModel.swift */,
				8856F4A22A2E342200AD8C17 /* GameDetailResponseModel.swift */,
				8856F4A42A2E4AAC00AD8C17 /* ParentPlatformResponseModel.swift */,
				8856F4A62A2E4AB700AD8C17 /* PlatformResponseModel.swift */,
			);
			path = NetworkModels;
			sourceTree = "<group>";
		};
		888E4B532A2BCE0C00F55B43 /* UIModels */ = {
			isa = PBXGroup;
			children = (
				887DE67D2A2FAF4700DB0984 /* AboutModel.swift */,
				888E4B542A2BCE2600F55B43 /* GameModel.swift */,
				8856F4A82A2E502E00AD8C17 /* GameDetailModel.swift */,
			);
			path = UIModels;
			sourceTree = "<group>";
		};
/* End PBXGroup section */

/* Begin PBXNativeTarget section */
		888E4AEB2A2A395400F55B43 /* GameInfo */ = {
			isa = PBXNativeTarget;
			buildConfigurationList = 888E4B162A2A395600F55B43 /* Build configuration list for PBXNativeTarget "GameInfo" */;
			buildPhases = (
				888E4AE82A2A395400F55B43 /* Sources */,
				888E4AE92A2A395400F55B43 /* Frameworks */,
				888E4AEA2A2A395400F55B43 /* Resources */,
				888E4B252A2A3A9000F55B43 /* Swiftlint */,
			);
			buildRules = (
			);
			dependencies = (
			);
			name = GameInfo;
			productName = GameInfo;
			productReference = 888E4AEC2A2A395400F55B43 /* GameInfo.app */;
			productType = "com.apple.product-type.application";
		};
		888E4B012A2A395600F55B43 /* GameInfoTests */ = {
			isa = PBXNativeTarget;
			buildConfigurationList = 888E4B192A2A395600F55B43 /* Build configuration list for PBXNativeTarget "GameInfoTests" */;
			buildPhases = (
				888E4AFE2A2A395600F55B43 /* Sources */,
				888E4AFF2A2A395600F55B43 /* Frameworks */,
				888E4B002A2A395600F55B43 /* Resources */,
			);
			buildRules = (
			);
			dependencies = (
				888E4B042A2A395600F55B43 /* PBXTargetDependency */,
			);
			name = GameInfoTests;
			productName = GameInfoTests;
			productReference = 888E4B022A2A395600F55B43 /* GameInfoTests.xctest */;
			productType = "com.apple.product-type.bundle.unit-test";
		};
		888E4B0B2A2A395600F55B43 /* GameInfoUITests */ = {
			isa = PBXNativeTarget;
			buildConfigurationList = 888E4B1C2A2A395600F55B43 /* Build configuration list for PBXNativeTarget "GameInfoUITests" */;
			buildPhases = (
				888E4B082A2A395600F55B43 /* Sources */,
				888E4B092A2A395600F55B43 /* Frameworks */,
				888E4B0A2A2A395600F55B43 /* Resources */,
			);
			buildRules = (
			);
			dependencies = (
				888E4B0E2A2A395600F55B43 /* PBXTargetDependency */,
			);
			name = GameInfoUITests;
			productName = GameInfoUITests;
			productReference = 888E4B0C2A2A395600F55B43 /* GameInfoUITests.xctest */;
			productType = "com.apple.product-type.bundle.ui-testing";
		};
/* End PBXNativeTarget section */

/* Begin PBXProject section */
		888E4AE42A2A395400F55B43 /* Project object */ = {
			isa = PBXProject;
			attributes = {
				BuildIndependentTargetsInParallel = 1;
				LastSwiftUpdateCheck = 1430;
				LastUpgradeCheck = 1430;
				TargetAttributes = {
					888E4AEB2A2A395400F55B43 = {
						CreatedOnToolsVersion = 14.3;
					};
					888E4B012A2A395600F55B43 = {
						CreatedOnToolsVersion = 14.3;
						TestTargetID = 888E4AEB2A2A395400F55B43;
					};
					888E4B0B2A2A395600F55B43 = {
						CreatedOnToolsVersion = 14.3;
						TestTargetID = 888E4AEB2A2A395400F55B43;
					};
				};
			};
			buildConfigurationList = 888E4AE72A2A395400F55B43 /* Build configuration list for PBXProject "GameInfo" */;
			compatibilityVersion = "Xcode 14.0";
			developmentRegion = en;
			hasScannedForEncodings = 0;
			knownRegions = (
				en,
				Base,
			);
			mainGroup = 888E4AE32A2A395400F55B43;
			productRefGroup = 888E4AED2A2A395400F55B43 /* Products */;
			projectDirPath = "";
			projectRoot = "";
			targets = (
				888E4AEB2A2A395400F55B43 /* GameInfo */,
				888E4B012A2A395600F55B43 /* GameInfoTests */,
				888E4B0B2A2A395600F55B43 /* GameInfoUITests */,
			);
		};
/* End PBXProject section */

/* Begin PBXResourcesBuildPhase section */
		888E4AEA2A2A395400F55B43 /* Resources */ = {
			isa = PBXResourcesBuildPhase;
			buildActionMask = 2147483647;
			files = (
				888861112A3773810075020A /* FavoriteGameViewController.xib in Resources */,
				886523DF2A2CC46D00BBFB7F /* LoadingTableViewCell.xib in Resources */,
				888338392A3E1C8B00B884BE /* EditProfileViewController.xib in Resources */,
				888E4AFC2A2A395600F55B43 /* LaunchScreen.storyboard in Resources */,
				888E4B4E2A2BAEFB00F55B43 /* GameTableViewCell.xib in Resources */,
				888E4AF92A2A395600F55B43 /* Assets.xcassets in Resources */,
				888E4B2D2A2B038D00F55B43 /* ProfileViewController.xib in Resources */,
				887DE67C2A2FADF300DB0984 /* About.json in Resources */,
				888E4B222A2A39C700F55B43 /* MainViewController.xib in Resources */,
				886523E32A2CFB3600BBFB7F /* DetailGameViewController.xib in Resources */,
			);
			runOnlyForDeploymentPostprocessing = 0;
		};
		888E4B002A2A395600F55B43 /* Resources */ = {
			isa = PBXResourcesBuildPhase;
			buildActionMask = 2147483647;
			files = (
			);
			runOnlyForDeploymentPostprocessing = 0;
		};
		888E4B0A2A2A395600F55B43 /* Resources */ = {
			isa = PBXResourcesBuildPhase;
			buildActionMask = 2147483647;
			files = (
			);
			runOnlyForDeploymentPostprocessing = 0;
		};
/* End PBXResourcesBuildPhase section */

/* Begin PBXShellScriptBuildPhase section */
		888E4B252A2A3A9000F55B43 /* Swiftlint */ = {
			isa = PBXShellScriptBuildPhase;
			alwaysOutOfDate = 1;
			buildActionMask = 2147483647;
			files = (
			);
			inputFileListPaths = (
			);
			inputPaths = (
			);
			name = Swiftlint;
			outputFileListPaths = (
			);
			outputPaths = (
			);
			runOnlyForDeploymentPostprocessing = 0;
			shellPath = /bin/sh;
			shellScript = "if [[ \"$(uname -m)\" == arm64 ]]; then\n    export PATH=\"/opt/homebrew/bin:$PATH\"\nfi\n\nif which swiftlint > /dev/null; then\n  swiftlint\nelse\n  echo \"warning: SwiftLint not installed, download from https://github.com/realm/SwiftLint\"\nfi\n";
		};
/* End PBXShellScriptBuildPhase section */

/* Begin PBXSourcesBuildPhase section */
		888E4AE82A2A395400F55B43 /* Sources */ = {
			isa = PBXSourcesBuildPhase;
			buildActionMask = 2147483647;
			files = (
				8856F4A52A2E4AAC00AD8C17 /* ParentPlatformResponseModel.swift in Sources */,
				886523DE2A2CC46D00BBFB7F /* LoadingTableViewCell.swift in Sources */,
				888E4AF02A2A395400F55B43 /* AppDelegate.swift in Sources */,
				888E4B362A2B0DC400F55B43 /* Endpoint.swift in Sources */,
				888E4B442A2B6BDB00F55B43 /* HTTPError.swift in Sources */,
				888E4B422A2B69E800F55B43 /* HTTPClient.swift in Sources */,
				888861102A3773800075020A /* FavoriteGameViewController.swift in Sources */,
				8856F4A72A2E4AB700AD8C17 /* PlatformResponseModel.swift in Sources */,
				888338352A3DF8A300B884BE /* UIStackView+Ext.swift in Sources */,
				888861152A3782630075020A /* GameProvider.swift in Sources */,
				888E4B342A2B0B0D00F55B43 /* GameEndpoint.swift in Sources */,
				888E4B3C2A2B580200F55B43 /* GamesResponseModel.swift in Sources */,
				888E4B3E2A2B677D00F55B43 /* HTTPMethod.swift in Sources */,
				887DE67E2A2FAF4700DB0984 /* AboutModel.swift in Sources */,
				888E4AF22A2A395400F55B43 /* SceneDelegate.swift in Sources */,
				8856F4AB2A2E623C00AD8C17 /* String+StringToHtml.swift in Sources */,
				888338382A3E1C8B00B884BE /* EditProfileViewController.swift in Sources */,
				886523E22A2CFB3600BBFB7F /* DetailGameViewController.swift in Sources */,
				888E4B3A2A2B4B8A00F55B43 /* GamesService.swift in Sources */,
				888E4B2C2A2B038D00F55B43 /* ProfileViewController.swift in Sources */,
				888E4B512A2BC63C00F55B43 /* ImageDownloader.swift in Sources */,
				888E4B552A2BCE2600F55B43 /* GameModel.swift in Sources */,
				8856F4A12A2E2F5400AD8C17 /* GameParameter.swift in Sources */,
				8856F4A32A2E342200AD8C17 /* GameDetailResponseModel.swift in Sources */,
				888E4B382A2B109900F55B43 /* APIConstants.swift in Sources */,
				8856F4A92A2E502E00AD8C17 /* GameDetailModel.swift in Sources */,
				88764D8F2A3EE2CE002E0C1B /* AboutPreference.swift in Sources */,
				888E4B302A2B03EF00F55B43 /* UIColor+Hex.swift in Sources */,
				88F7D5C62A33972300CBC999 /* GamesInfoDB.xcdatamodeld in Sources */,
				888E4B462A2B751B00F55B43 /* ParameterEncoding.swift in Sources */,
				888E4B272A2B032200F55B43 /* MainTabBarController.swift in Sources */,
				888E4B212A2A39C700F55B43 /* MainViewController.swift in Sources */,
				888E4B4D2A2BAEFB00F55B43 /* GameTableViewCell.swift in Sources */,
			);
			runOnlyForDeploymentPostprocessing = 0;
		};
		888E4AFE2A2A395600F55B43 /* Sources */ = {
			isa = PBXSourcesBuildPhase;
			buildActionMask = 2147483647;
			files = (
				888E4B072A2A395600F55B43 /* GameInfoTests.swift in Sources */,
			);
			runOnlyForDeploymentPostprocessing = 0;
		};
		888E4B082A2A395600F55B43 /* Sources */ = {
			isa = PBXSourcesBuildPhase;
			buildActionMask = 2147483647;
			files = (
				888E4B132A2A395600F55B43 /* GameInfoUITestsLaunchTests.swift in Sources */,
				888E4B112A2A395600F55B43 /* GameInfoUITests.swift in Sources */,
			);
			runOnlyForDeploymentPostprocessing = 0;
		};
/* End PBXSourcesBuildPhase section */

/* Begin PBXTargetDependency section */
		888E4B042A2A395600F55B43 /* PBXTargetDependency */ = {
			isa = PBXTargetDependency;
			target = 888E4AEB2A2A395400F55B43 /* GameInfo */;
			targetProxy = 888E4B032A2A395600F55B43 /* PBXContainerItemProxy */;
		};
		888E4B0E2A2A395600F55B43 /* PBXTargetDependency */ = {
			isa = PBXTargetDependency;
			target = 888E4AEB2A2A395400F55B43 /* GameInfo */;
			targetProxy = 888E4B0D2A2A395600F55B43 /* PBXContainerItemProxy */;
		};
/* End PBXTargetDependency section */

/* Begin PBXVariantGroup section */
		888E4AFA2A2A395600F55B43 /* LaunchScreen.storyboard */ = {
			isa = PBXVariantGroup;
			children = (
				888E4AFB2A2A395600F55B43 /* Base */,
			);
			name = LaunchScreen.storyboard;
			sourceTree = "<group>";
		};
/* End PBXVariantGroup section */

/* Begin XCBuildConfiguration section */
		888E4B142A2A395600F55B43 /* Debug */ = {
			isa = XCBuildConfiguration;
			buildSettings = {
				ALWAYS_SEARCH_USER_PATHS = NO;
				CLANG_ANALYZER_NONNULL = YES;
				CLANG_ANALYZER_NUMBER_OBJECT_CONVERSION = YES_AGGRESSIVE;
				CLANG_CXX_LANGUAGE_STANDARD = "gnu++20";
				CLANG_ENABLE_MODULES = YES;
				CLANG_ENABLE_OBJC_ARC = YES;
				CLANG_ENABLE_OBJC_WEAK = YES;
				CLANG_WARN_BLOCK_CAPTURE_AUTORELEASING = YES;
				CLANG_WARN_BOOL_CONVERSION = YES;
				CLANG_WARN_COMMA = YES;
				CLANG_WARN_CONSTANT_CONVERSION = YES;
				CLANG_WARN_DEPRECATED_OBJC_IMPLEMENTATIONS = YES;
				CLANG_WARN_DIRECT_OBJC_ISA_USAGE = YES_ERROR;
				CLANG_WARN_DOCUMENTATION_COMMENTS = YES;
				CLANG_WARN_EMPTY_BODY = YES;
				CLANG_WARN_ENUM_CONVERSION = YES;
				CLANG_WARN_INFINITE_RECURSION = YES;
				CLANG_WARN_INT_CONVERSION = YES;
				CLANG_WARN_NON_LITERAL_NULL_CONVERSION = YES;
				CLANG_WARN_OBJC_IMPLICIT_RETAIN_SELF = YES;
				CLANG_WARN_OBJC_LITERAL_CONVERSION = YES;
				CLANG_WARN_OBJC_ROOT_CLASS = YES_ERROR;
				CLANG_WARN_QUOTED_INCLUDE_IN_FRAMEWORK_HEADER = YES;
				CLANG_WARN_RANGE_LOOP_ANALYSIS = YES;
				CLANG_WARN_STRICT_PROTOTYPES = YES;
				CLANG_WARN_SUSPICIOUS_MOVE = YES;
				CLANG_WARN_UNGUARDED_AVAILABILITY = YES_AGGRESSIVE;
				CLANG_WARN_UNREACHABLE_CODE = YES;
				CLANG_WARN__DUPLICATE_METHOD_MATCH = YES;
				COPY_PHASE_STRIP = NO;
				DEBUG_INFORMATION_FORMAT = dwarf;
				ENABLE_STRICT_OBJC_MSGSEND = YES;
				ENABLE_TESTABILITY = YES;
				GCC_C_LANGUAGE_STANDARD = gnu11;
				GCC_DYNAMIC_NO_PIC = NO;
				GCC_NO_COMMON_BLOCKS = YES;
				GCC_OPTIMIZATION_LEVEL = 0;
				GCC_PREPROCESSOR_DEFINITIONS = (
					"DEBUG=1",
					"$(inherited)",
				);
				GCC_WARN_64_TO_32_BIT_CONVERSION = YES;
				GCC_WARN_ABOUT_RETURN_TYPE = YES_ERROR;
				GCC_WARN_UNDECLARED_SELECTOR = YES;
				GCC_WARN_UNINITIALIZED_AUTOS = YES_AGGRESSIVE;
				GCC_WARN_UNUSED_FUNCTION = YES;
				GCC_WARN_UNUSED_VARIABLE = YES;
				IPHONEOS_DEPLOYMENT_TARGET = 13.0;
				MTL_ENABLE_DEBUG_INFO = INCLUDE_SOURCE;
				MTL_FAST_MATH = YES;
				ONLY_ACTIVE_ARCH = YES;
				SDKROOT = iphoneos;
				SWIFT_ACTIVE_COMPILATION_CONDITIONS = DEBUG;
				SWIFT_OPTIMIZATION_LEVEL = "-Onone";
			};
			name = Debug;
		};
		888E4B152A2A395600F55B43 /* Release */ = {
			isa = XCBuildConfiguration;
			buildSettings = {
				ALWAYS_SEARCH_USER_PATHS = NO;
				CLANG_ANALYZER_NONNULL = YES;
				CLANG_ANALYZER_NUMBER_OBJECT_CONVERSION = YES_AGGRESSIVE;
				CLANG_CXX_LANGUAGE_STANDARD = "gnu++20";
				CLANG_ENABLE_MODULES = YES;
				CLANG_ENABLE_OBJC_ARC = YES;
				CLANG_ENABLE_OBJC_WEAK = YES;
				CLANG_WARN_BLOCK_CAPTURE_AUTORELEASING = YES;
				CLANG_WARN_BOOL_CONVERSION = YES;
				CLANG_WARN_COMMA = YES;
				CLANG_WARN_CONSTANT_CONVERSION = YES;
				CLANG_WARN_DEPRECATED_OBJC_IMPLEMENTATIONS = YES;
				CLANG_WARN_DIRECT_OBJC_ISA_USAGE = YES_ERROR;
				CLANG_WARN_DOCUMENTATION_COMMENTS = YES;
				CLANG_WARN_EMPTY_BODY = YES;
				CLANG_WARN_ENUM_CONVERSION = YES;
				CLANG_WARN_INFINITE_RECURSION = YES;
				CLANG_WARN_INT_CONVERSION = YES;
				CLANG_WARN_NON_LITERAL_NULL_CONVERSION = YES;
				CLANG_WARN_OBJC_IMPLICIT_RETAIN_SELF = YES;
				CLANG_WARN_OBJC_LITERAL_CONVERSION = YES;
				CLANG_WARN_OBJC_ROOT_CLASS = YES_ERROR;
				CLANG_WARN_QUOTED_INCLUDE_IN_FRAMEWORK_HEADER = YES;
				CLANG_WARN_RANGE_LOOP_ANALYSIS = YES;
				CLANG_WARN_STRICT_PROTOTYPES = YES;
				CLANG_WARN_SUSPICIOUS_MOVE = YES;
				CLANG_WARN_UNGUARDED_AVAILABILITY = YES_AGGRESSIVE;
				CLANG_WARN_UNREACHABLE_CODE = YES;
				CLANG_WARN__DUPLICATE_METHOD_MATCH = YES;
				COPY_PHASE_STRIP = NO;
				DEBUG_INFORMATION_FORMAT = "dwarf-with-dsym";
				ENABLE_NS_ASSERTIONS = NO;
				ENABLE_STRICT_OBJC_MSGSEND = YES;
				GCC_C_LANGUAGE_STANDARD = gnu11;
				GCC_NO_COMMON_BLOCKS = YES;
				GCC_WARN_64_TO_32_BIT_CONVERSION = YES;
				GCC_WARN_ABOUT_RETURN_TYPE = YES_ERROR;
				GCC_WARN_UNDECLARED_SELECTOR = YES;
				GCC_WARN_UNINITIALIZED_AUTOS = YES_AGGRESSIVE;
				GCC_WARN_UNUSED_FUNCTION = YES;
				GCC_WARN_UNUSED_VARIABLE = YES;
				IPHONEOS_DEPLOYMENT_TARGET = 13.0;
				MTL_ENABLE_DEBUG_INFO = NO;
				MTL_FAST_MATH = YES;
				SDKROOT = iphoneos;
				SWIFT_COMPILATION_MODE = wholemodule;
				SWIFT_OPTIMIZATION_LEVEL = "-O";
				VALIDATE_PRODUCT = YES;
			};
			name = Release;
		};
		888E4B172A2A395600F55B43 /* Debug */ = {
			isa = XCBuildConfiguration;
			buildSettings = {
				ASSETCATALOG_COMPILER_APPICON_NAME = AppIcon;
				ASSETCATALOG_COMPILER_GLOBAL_ACCENT_COLOR_NAME = AccentColor;
				CODE_SIGN_STYLE = Automatic;
				CURRENT_PROJECT_VERSION = 1;
				DEVELOPMENT_TEAM = 96T9RRH3JB;
				GENERATE_INFOPLIST_FILE = YES;
				INFOPLIST_FILE = GameInfo/SupportingFiles/Info.plist;
				INFOPLIST_KEY_UIApplicationSupportsIndirectInputEvents = YES;
				INFOPLIST_KEY_UILaunchStoryboardName = LaunchScreen;
				INFOPLIST_KEY_UISupportedInterfaceOrientations_iPad = "UIInterfaceOrientationPortrait UIInterfaceOrientationPortraitUpsideDown UIInterfaceOrientationLandscapeLeft UIInterfaceOrientationLandscapeRight";
				INFOPLIST_KEY_UISupportedInterfaceOrientations_iPhone = "UIInterfaceOrientationPortrait UIInterfaceOrientationLandscapeLeft UIInterfaceOrientationLandscapeRight";
				IPHONEOS_DEPLOYMENT_TARGET = 13.0;
				LD_RUNPATH_SEARCH_PATHS = (
					"$(inherited)",
					"@executable_path/Frameworks",
				);
				MARKETING_VERSION = 1.0;
				PRODUCT_BUNDLE_IDENTIFIER = com.djakapermana.www.GameInfo;
				PRODUCT_NAME = "$(TARGET_NAME)";
				SWIFT_EMIT_LOC_STRINGS = YES;
				SWIFT_VERSION = 5.0;
				TARGETED_DEVICE_FAMILY = "1,2";
			};
			name = Debug;
		};
		888E4B182A2A395600F55B43 /* Release */ = {
			isa = XCBuildConfiguration;
			buildSettings = {
				ASSETCATALOG_COMPILER_APPICON_NAME = AppIcon;
				ASSETCATALOG_COMPILER_GLOBAL_ACCENT_COLOR_NAME = AccentColor;
				CODE_SIGN_STYLE = Automatic;
				CURRENT_PROJECT_VERSION = 1;
				DEVELOPMENT_TEAM = 96T9RRH3JB;
				GENERATE_INFOPLIST_FILE = YES;
				INFOPLIST_FILE = GameInfo/SupportingFiles/Info.plist;
				INFOPLIST_KEY_UIApplicationSupportsIndirectInputEvents = YES;
				INFOPLIST_KEY_UILaunchStoryboardName = LaunchScreen;
				INFOPLIST_KEY_UISupportedInterfaceOrientations_iPad = "UIInterfaceOrientationPortrait UIInterfaceOrientationPortraitUpsideDown UIInterfaceOrientationLandscapeLeft UIInterfaceOrientationLandscapeRight";
				INFOPLIST_KEY_UISupportedInterfaceOrientations_iPhone = "UIInterfaceOrientationPortrait UIInterfaceOrientationLandscapeLeft UIInterfaceOrientationLandscapeRight";
				IPHONEOS_DEPLOYMENT_TARGET = 13.0;
				LD_RUNPATH_SEARCH_PATHS = (
					"$(inherited)",
					"@executable_path/Frameworks",
				);
				MARKETING_VERSION = 1.0;
				PRODUCT_BUNDLE_IDENTIFIER = com.djakapermana.www.GameInfo;
				PRODUCT_NAME = "$(TARGET_NAME)";
				SWIFT_EMIT_LOC_STRINGS = YES;
				SWIFT_VERSION = 5.0;
				TARGETED_DEVICE_FAMILY = "1,2";
			};
			name = Release;
		};
		888E4B1A2A2A395600F55B43 /* Debug */ = {
			isa = XCBuildConfiguration;
			buildSettings = {
				ALWAYS_EMBED_SWIFT_STANDARD_LIBRARIES = YES;
				BUNDLE_LOADER = "$(TEST_HOST)";
				CODE_SIGN_STYLE = Automatic;
				CURRENT_PROJECT_VERSION = 1;
				DEVELOPMENT_TEAM = 96T9RRH3JB;
				GENERATE_INFOPLIST_FILE = YES;
				IPHONEOS_DEPLOYMENT_TARGET = 16.4;
				MARKETING_VERSION = 1.0;
				PRODUCT_BUNDLE_IDENTIFIER = com.djakapermana.www.GameInfoTests;
				PRODUCT_NAME = "$(TARGET_NAME)";
				SWIFT_EMIT_LOC_STRINGS = NO;
				SWIFT_VERSION = 5.0;
				TARGETED_DEVICE_FAMILY = "1,2";
				TEST_HOST = "$(BUILT_PRODUCTS_DIR)/GameInfo.app/$(BUNDLE_EXECUTABLE_FOLDER_PATH)/GameInfo";
			};
			name = Debug;
		};
		888E4B1B2A2A395600F55B43 /* Release */ = {
			isa = XCBuildConfiguration;
			buildSettings = {
				ALWAYS_EMBED_SWIFT_STANDARD_LIBRARIES = YES;
				BUNDLE_LOADER = "$(TEST_HOST)";
				CODE_SIGN_STYLE = Automatic;
				CURRENT_PROJECT_VERSION = 1;
				DEVELOPMENT_TEAM = 96T9RRH3JB;
				GENERATE_INFOPLIST_FILE = YES;
				IPHONEOS_DEPLOYMENT_TARGET = 16.4;
				MARKETING_VERSION = 1.0;
				PRODUCT_BUNDLE_IDENTIFIER = com.djakapermana.www.GameInfoTests;
				PRODUCT_NAME = "$(TARGET_NAME)";
				SWIFT_EMIT_LOC_STRINGS = NO;
				SWIFT_VERSION = 5.0;
				TARGETED_DEVICE_FAMILY = "1,2";
				TEST_HOST = "$(BUILT_PRODUCTS_DIR)/GameInfo.app/$(BUNDLE_EXECUTABLE_FOLDER_PATH)/GameInfo";
			};
			name = Release;
		};
		888E4B1D2A2A395600F55B43 /* Debug */ = {
			isa = XCBuildConfiguration;
			buildSettings = {
				ALWAYS_EMBED_SWIFT_STANDARD_LIBRARIES = YES;
				CODE_SIGN_STYLE = Automatic;
				CURRENT_PROJECT_VERSION = 1;
				DEVELOPMENT_TEAM = 96T9RRH3JB;
				GENERATE_INFOPLIST_FILE = YES;
				MARKETING_VERSION = 1.0;
				PRODUCT_BUNDLE_IDENTIFIER = com.djakapermana.www.GameInfoUITests;
				PRODUCT_NAME = "$(TARGET_NAME)";
				SWIFT_EMIT_LOC_STRINGS = NO;
				SWIFT_VERSION = 5.0;
				TARGETED_DEVICE_FAMILY = "1,2";
				TEST_TARGET_NAME = GameInfo;
			};
			name = Debug;
		};
		888E4B1E2A2A395600F55B43 /* Release */ = {
			isa = XCBuildConfiguration;
			buildSettings = {
				ALWAYS_EMBED_SWIFT_STANDARD_LIBRARIES = YES;
				CODE_SIGN_STYLE = Automatic;
				CURRENT_PROJECT_VERSION = 1;
				DEVELOPMENT_TEAM = 96T9RRH3JB;
				GENERATE_INFOPLIST_FILE = YES;
				MARKETING_VERSION = 1.0;
				PRODUCT_BUNDLE_IDENTIFIER = com.djakapermana.www.GameInfoUITests;
				PRODUCT_NAME = "$(TARGET_NAME)";
				SWIFT_EMIT_LOC_STRINGS = NO;
				SWIFT_VERSION = 5.0;
				TARGETED_DEVICE_FAMILY = "1,2";
				TEST_TARGET_NAME = GameInfo;
			};
			name = Release;
		};
/* End XCBuildConfiguration section */

/* Begin XCConfigurationList section */
		888E4AE72A2A395400F55B43 /* Build configuration list for PBXProject "GameInfo" */ = {
			isa = XCConfigurationList;
			buildConfigurations = (
				888E4B142A2A395600F55B43 /* Debug */,
				888E4B152A2A395600F55B43 /* Release */,
			);
			defaultConfigurationIsVisible = 0;
			defaultConfigurationName = Release;
		};
		888E4B162A2A395600F55B43 /* Build configuration list for PBXNativeTarget "GameInfo" */ = {
			isa = XCConfigurationList;
			buildConfigurations = (
				888E4B172A2A395600F55B43 /* Debug */,
				888E4B182A2A395600F55B43 /* Release */,
			);
			defaultConfigurationIsVisible = 0;
			defaultConfigurationName = Release;
		};
		888E4B192A2A395600F55B43 /* Build configuration list for PBXNativeTarget "GameInfoTests" */ = {
			isa = XCConfigurationList;
			buildConfigurations = (
				888E4B1A2A2A395600F55B43 /* Debug */,
				888E4B1B2A2A395600F55B43 /* Release */,
			);
			defaultConfigurationIsVisible = 0;
			defaultConfigurationName = Release;
		};
		888E4B1C2A2A395600F55B43 /* Build configuration list for PBXNativeTarget "GameInfoUITests" */ = {
			isa = XCConfigurationList;
			buildConfigurations = (
				888E4B1D2A2A395600F55B43 /* Debug */,
				888E4B1E2A2A395600F55B43 /* Release */,
			);
			defaultConfigurationIsVisible = 0;
			defaultConfigurationName = Release;
		};
/* End XCConfigurationList section */

/* Begin XCVersionGroup section */
		88F7D5C42A33972300CBC999 /* GamesInfoDB.xcdatamodeld */ = {
			isa = XCVersionGroup;
			children = (
				88F7D5C52A33972300CBC999 /* GamesInfoDB.xcdatamodel */,
			);
			currentVersion = 88F7D5C52A33972300CBC999 /* GamesInfoDB.xcdatamodel */;
			path = GamesInfoDB.xcdatamodeld;
			sourceTree = "<group>";
			versionGroupType = wrapper.xcdatamodel;
		};
/* End XCVersionGroup section */
	};
	rootObject = 888E4AE42A2A395400F55B43 /* Project object */;
}
